
Microsoft Visual Studio Solution File, Format Version 12.00
# Visual Studio 14
VisualStudioVersion = 14.0.25420.1
MinimumVisualStudioVersion = 10.0.40219.1
Project("{8BC9CEB8-8B4A-11D0-8D11-00A0C91BC942}") = "DualContourSample", "DualContouringSample\DualContourSample.vcxproj", "{91867484-0299-425E-8721-AF4A7D239ECA}"
EndProject
Project("{8BB2217D-0F2D-49D1-97BC-3654ED321F3B}") = "ClassLibrary1", "ClassLibrary1\ClassLibrary1.xproj", "{96C56B0A-44A9-4F1F-A81A-708AEBD4E898}"
EndProject
Global
	GlobalSection(SolutionConfigurationPlatforms) = preSolution
		Debug|Any CPU = Debug|Any CPU
		Debug|Win32 = Debug|Win32
		Release|Any CPU = Release|Any CPU
		Release|Win32 = Release|Win32
	EndGlobalSection
	GlobalSection(ProjectConfigurationPlatforms) = postSolution
		{91867484-0299-425E-8721-AF4A7D239ECA}.Debug|Any CPU.ActiveCfg = Debug|Win32
		{91867484-0299-425E-8721-AF4A7D239ECA}.Debug|Win32.ActiveCfg = Debug|Win32
		{91867484-0299-425E-8721-AF4A7D239ECA}.Debug|Win32.Build.0 = Debug|Win32
		{91867484-0299-425E-8721-AF4A7D239ECA}.Release|Any CPU.ActiveCfg = Release|Win32
		{91867484-0299-425E-8721-AF4A7D239ECA}.Release|Win32.ActiveCfg = Release|Win32
		{91867484-0299-425E-8721-AF4A7D239ECA}.Release|Win32.Build.0 = Release|Win32
		{96C56B0A-44A9-4F1F-A81A-708AEBD4E898}.Debug|Any CPU.ActiveCfg = Debug|Any CPU
		{96C56B0A-44A9-4F1F-A81A-708AEBD4E898}.Debug|Any CPU.Build.0 = Debug|Any CPU
		{96C56B0A-44A9-4F1F-A81A-708AEBD4E898}.Debug|Win32.ActiveCfg = Debug|Any CPU
		{96C56B0A-44A9-4F1F-A81A-708AEBD4E898}.Debug|Win32.Build.0 = Debug|Any CPU
		{96C56B0A-44A9-4F1F-A81A-708AEBD4E898}.Release|Any CPU.ActiveCfg = Release|Any CPU
		{96C56B0A-44A9-4F1F-A81A-708AEBD4E898}.Release|Any CPU.Build.0 = Release|Any CPU
		{96C56B0A-44A9-4F1F-A81A-708AEBD4E898}.Release|Win32.ActiveCfg = Release|Any CPU
		{96C56B0A-44A9-4F1F-A81A-708AEBD4E898}.Release|Win32.Build.0 = Release|Any CPU
	EndGlobalSection
	GlobalSection(SolutionProperties) = preSolution
		HideSolutionNode = FALSE
	EndGlobalSection
EndGlobal
